// !$*UTF8*$!
{
	archiveVersion = 1;
	classes = {
	};
	objectVersion = 50;
	objects = {

/* Begin PBXBuildFile section */
		A240DD3A24BA90D200EDDAE3 /* AppDelegate.swift in Sources */ = {isa = PBXBuildFile; fileRef = A240DD3924BA90D200EDDAE3 /* AppDelegate.swift */; };
		A240DD3C24BA90D200EDDAE3 /* SceneDelegate.swift in Sources */ = {isa = PBXBuildFile; fileRef = A240DD3B24BA90D200EDDAE3 /* SceneDelegate.swift */; };
		A240DD3E24BA90D200EDDAE3 /* ContentView.swift in Sources */ = {isa = PBXBuildFile; fileRef = A240DD3D24BA90D200EDDAE3 /* ContentView.swift */; };
		A240DD4324BA90D500EDDAE3 /* Preview Assets.xcassets in Resources */ = {isa = PBXBuildFile; fileRef = A240DD4224BA90D500EDDAE3 /* Preview Assets.xcassets */; };
		A240DD4624BA90D500EDDAE3 /* LaunchScreen.storyboard in Resources */ = {isa = PBXBuildFile; fileRef = A240DD4424BA90D500EDDAE3 /* LaunchScreen.storyboard */; };
		A240DD5124BA90D500EDDAE3 /* SlotsTests.swift in Sources */ = {isa = PBXBuildFile; fileRef = A240DD5024BA90D500EDDAE3 /* SlotsTests.swift */; };
		A240DD5C24BA90D500EDDAE3 /* SlotsUITests.swift in Sources */ = {isa = PBXBuildFile; fileRef = A240DD5B24BA90D500EDDAE3 /* SlotsUITests.swift */; };
		A240DD6A24BAA18600EDDAE3 /* Assets.xcassets in Resources */ = {isa = PBXBuildFile; fileRef = A240DD6924BAA18600EDDAE3 /* Assets.xcassets */; };
		A240DD6C24BB9D4B00EDDAE3 /* CardView.swift in Sources */ = {isa = PBXBuildFile; fileRef = A240DD6B24BB9D4B00EDDAE3 /* CardView.swift */; };
		A240DD6E24BBD9EE00EDDAE3 /* SlotsMania.mov in Resources */ = {isa = PBXBuildFile; fileRef = A240DD6D24BBD9EE00EDDAE3 /* SlotsMania.mov */; };
		A240DD7024BBDA0C00EDDAE3 /* SlotsMania.mov in Resources */ = {isa = PBXBuildFile; fileRef = A240DD6F24BBDA0C00EDDAE3 /* SlotsMania.mov */; };
/* End PBXBuildFile section */

/* Begin PBXContainerItemProxy section */
		A240DD4D24BA90D500EDDAE3 /* PBXContainerItemProxy */ = {
			isa = PBXContainerItemProxy;
			containerPortal = A240DD2E24BA90D200EDDAE3 /* Project object */;
			proxyType = 1;
			remoteGlobalIDString = A240DD3524BA90D200EDDAE3;
			remoteInfo = Slots;
		};
		A240DD5824BA90D500EDDAE3 /* PBXContainerItemProxy */ = {
			isa = PBXContainerItemProxy;
			containerPortal = A240DD2E24BA90D200EDDAE3 /* Project object */;
			proxyType = 1;
			remoteGlobalIDString = A240DD3524BA90D200EDDAE3;
			remoteInfo = Slots;
		};
/* End PBXContainerItemProxy section */

/* Begin PBXFileReference section */
		A240DD3624BA90D200EDDAE3 /* Slots.app */ = {isa = PBXFileReference; explicitFileType = wrapper.application; includeInIndex = 0; path = Slots.app; sourceTree = BUILT_PRODUCTS_DIR; };
		A240DD3924BA90D200EDDAE3 /* AppDelegate.swift */ = {isa = PBXFileReference; lastKnownFileType = sourcecode.swift; path = AppDelegate.swift; sourceTree = "<group>"; };
		A240DD3B24BA90D200EDDAE3 /* SceneDelegate.swift */ = {isa = PBXFileReference; lastKnownFileType = sourcecode.swift; path = SceneDelegate.swift; sourceTree = "<group>"; };
		A240DD3D24BA90D200EDDAE3 /* ContentView.swift */ = {isa = PBXFileReference; lastKnownFileType = sourcecode.swift; path = ContentView.swift; sourceTree = "<group>"; };
		A240DD4224BA90D500EDDAE3 /* Preview Assets.xcassets */ = {isa = PBXFileReference; lastKnownFileType = folder.assetcatalog; path = "Preview Assets.xcassets"; sourceTree = "<group>"; };
		A240DD4524BA90D500EDDAE3 /* Base */ = {isa = PBXFileReference; lastKnownFileType = file.storyboard; name = Base; path = Base.lproj/LaunchScreen.storyboard; sourceTree = "<group>"; };
		A240DD4724BA90D500EDDAE3 /* Info.plist */ = {isa = PBXFileReference; lastKnownFileType = text.plist.xml; path = Info.plist; sourceTree = "<group>"; };
		A240DD4C24BA90D500EDDAE3 /* SlotsTests.xctest */ = {isa = PBXFileReference; explicitFileType = wrapper.cfbundle; includeInIndex = 0; path = SlotsTests.xctest; sourceTree = BUILT_PRODUCTS_DIR; };
		A240DD5024BA90D500EDDAE3 /* SlotsTests.swift */ = {isa = PBXFileReference; lastKnownFileType = sourcecode.swift; path = SlotsTests.swift; sourceTree = "<group>"; };
		A240DD5224BA90D500EDDAE3 /* Info.plist */ = {isa = PBXFileReference; lastKnownFileType = text.plist.xml; path = Info.plist; sourceTree = "<group>"; };
		A240DD5724BA90D500EDDAE3 /* SlotsUITests.xctest */ = {isa = PBXFileReference; explicitFileType = wrapper.cfbundle; includeInIndex = 0; path = SlotsUITests.xctest; sourceTree = BUILT_PRODUCTS_DIR; };
		A240DD5B24BA90D500EDDAE3 /* SlotsUITests.swift */ = {isa = PBXFileReference; lastKnownFileType = sourcecode.swift; path = SlotsUITests.swift; sourceTree = "<group>"; };
		A240DD5D24BA90D500EDDAE3 /* Info.plist */ = {isa = PBXFileReference; lastKnownFileType = text.plist.xml; path = Info.plist; sourceTree = "<group>"; };
		A240DD6924BAA18600EDDAE3 /* Assets.xcassets */ = {isa = PBXFileReference; lastKnownFileType = folder.assetcatalog; name = Assets.xcassets; path = ../../../../.Trash/Assets.xcassets; sourceTree = "<group>"; };
		A240DD6B24BB9D4B00EDDAE3 /* CardView.swift */ = {isa = PBXFileReference; lastKnownFileType = sourcecode.swift; path = CardView.swift; sourceTree = "<group>"; };
		A240DD6D24BBD9EE00EDDAE3 /* SlotsMania.mov */ = {isa = PBXFileReference; lastKnownFileType = video.quicktime; path = SlotsMania.mov; sourceTree = SOURCE_ROOT; };
		A240DD6F24BBDA0C00EDDAE3 /* SlotsMania.mov */ = {isa = PBXFileReference; lastKnownFileType = video.quicktime; name = SlotsMania.mov; path = ../../../../.Trash/SlotsMania.mov; sourceTree = "<group>"; };
/* End PBXFileReference section */

/* Begin PBXFrameworksBuildPhase section */
		A240DD3324BA90D200EDDAE3 /* Frameworks */ = {
			isa = PBXFrameworksBuildPhase;
			buildActionMask = 2147483647;
			files = (
			);
			runOnlyForDeploymentPostprocessing = 0;
		};
		A240DD4924BA90D500EDDAE3 /* Frameworks */ = {
			isa = PBXFrameworksBuildPhase;
			buildActionMask = 2147483647;
			files = (
			);
			runOnlyForDeploymentPostprocessing = 0;
		};
		A240DD5424BA90D500EDDAE3 /* Frameworks */ = {
			isa = PBXFrameworksBuildPhase;
			buildActionMask = 2147483647;
			files = (
			);
			runOnlyForDeploymentPostprocessing = 0;
		};
/* End PBXFrameworksBuildPhase section */

/* Begin PBXGroup section */
		A240DD2D24BA90D200EDDAE3 = {
			isa = PBXGroup;
			children = (
				A240DD3824BA90D200EDDAE3 /* Slots */,
				A240DD4F24BA90D500EDDAE3 /* SlotsTests */,
				A240DD5A24BA90D500EDDAE3 /* SlotsUITests */,
				A240DD3724BA90D200EDDAE3 /* Products */,
			);
			sourceTree = "<group>";
		};
		A240DD3724BA90D200EDDAE3 /* Products */ = {
			isa = PBXGroup;
			children = (
				A240DD3624BA90D200EDDAE3 /* Slots.app */,
				A240DD4C24BA90D500EDDAE3 /* SlotsTests.xctest */,
				A240DD5724BA90D500EDDAE3 /* SlotsUITests.xctest */,
			);
			name = Products;
			sourceTree = "<group>";
		};
		A240DD3824BA90D200EDDAE3 /* Slots */ = {
			isa = PBXGroup;
			children = (
				A240DD3924BA90D200EDDAE3 /* AppDelegate.swift */,
				A240DD3B24BA90D200EDDAE3 /* SceneDelegate.swift */,
				A240DD3D24BA90D200EDDAE3 /* ContentView.swift */,
				A240DD6B24BB9D4B00EDDAE3 /* CardView.swift */,
				A240DD6924BAA18600EDDAE3 /* Assets.xcassets */,
				A240DD6D24BBD9EE00EDDAE3 /* SlotsMania.mov */,
				A240DD6F24BBDA0C00EDDAE3 /* SlotsMania.mov */,
				A240DD4424BA90D500EDDAE3 /* LaunchScreen.storyboard */,
				A240DD4724BA90D500EDDAE3 /* Info.plist */,
				A240DD4124BA90D500EDDAE3 /* Preview Content */,
			);
			path = Slots;
			sourceTree = "<group>";
		};
		A240DD4124BA90D500EDDAE3 /* Preview Content */ = {
			isa = PBXGroup;
			children = (
				A240DD4224BA90D500EDDAE3 /* Preview Assets.xcassets */,
			);
			path = "Preview Content";
			sourceTree = "<group>";
		};
		A240DD4F24BA90D500EDDAE3 /* SlotsTests */ = {
			isa = PBXGroup;
			children = (
				A240DD5024BA90D500EDDAE3 /* SlotsTests.swift */,
				A240DD5224BA90D500EDDAE3 /* Info.plist */,
			);
			path = SlotsTests;
			sourceTree = "<group>";
		};
		A240DD5A24BA90D500EDDAE3 /* SlotsUITests */ = {
			isa = PBXGroup;
			children = (
				A240DD5B24BA90D500EDDAE3 /* SlotsUITests.swift */,
				A240DD5D24BA90D500EDDAE3 /* Info.plist */,
			);
			path = SlotsUITests;
			sourceTree = "<group>";
		};
/* End PBXGroup section */

/* Begin PBXNativeTarget section */
		A240DD3524BA90D200EDDAE3 /* Slots */ = {
			isa = PBXNativeTarget;
			buildConfigurationList = A240DD6024BA90D500EDDAE3 /* Build configuration list for PBXNativeTarget "Slots" */;
			buildPhases = (
				A240DD3224BA90D200EDDAE3 /* Sources */,
				A240DD3324BA90D200EDDAE3 /* Frameworks */,
				A240DD3424BA90D200EDDAE3 /* Resources */,
			);
			buildRules = (
			);
			dependencies = (
			);
			name = Slots;
			productName = Slots;
			productReference = A240DD3624BA90D200EDDAE3 /* Slots.app */;
			productType = "com.apple.product-type.application";
		};
		A240DD4B24BA90D500EDDAE3 /* SlotsTests */ = {
			isa = PBXNativeTarget;
			buildConfigurationList = A240DD6324BA90D500EDDAE3 /* Build configuration list for PBXNativeTarget "SlotsTests" */;
			buildPhases = (
				A240DD4824BA90D500EDDAE3 /* Sources */,
				A240DD4924BA90D500EDDAE3 /* Frameworks */,
				A240DD4A24BA90D500EDDAE3 /* Resources */,
			);
			buildRules = (
			);
			dependencies = (
				A240DD4E24BA90D500EDDAE3 /* PBXTargetDependency */,
			);
			name = SlotsTests;
			productName = SlotsTests;
			productReference = A240DD4C24BA90D500EDDAE3 /* SlotsTests.xctest */;
			productType = "com.apple.product-type.bundle.unit-test";
		};
		A240DD5624BA90D500EDDAE3 /* SlotsUITests */ = {
			isa = PBXNativeTarget;
			buildConfigurationList = A240DD6624BA90D500EDDAE3 /* Build configuration list for PBXNativeTarget "SlotsUITests" */;
			buildPhases = (
				A240DD5324BA90D500EDDAE3 /* Sources */,
				A240DD5424BA90D500EDDAE3 /* Frameworks */,
				A240DD5524BA90D500EDDAE3 /* Resources */,
			);
			buildRules = (
			);
			dependencies = (
				A240DD5924BA90D500EDDAE3 /* PBXTargetDependency */,
			);
			name = SlotsUITests;
			productName = SlotsUITests;
			productReference = A240DD5724BA90D500EDDAE3 /* SlotsUITests.xctest */;
			productType = "com.apple.product-type.bundle.ui-testing";
		};
/* End PBXNativeTarget section */

/* Begin PBXProject section */
		A240DD2E24BA90D200EDDAE3 /* Project object */ = {
			isa = PBXProject;
			attributes = {
				LastSwiftUpdateCheck = 1150;
				LastUpgradeCheck = 1150;
				ORGANIZATIONNAME = "Jay-Ar Brouillard";
				TargetAttributes = {
					A240DD3524BA90D200EDDAE3 = {
						CreatedOnToolsVersion = 11.5;
					};
					A240DD4B24BA90D500EDDAE3 = {
						CreatedOnToolsVersion = 11.5;
						TestTargetID = A240DD3524BA90D200EDDAE3;
					};
					A240DD5624BA90D500EDDAE3 = {
						CreatedOnToolsVersion = 11.5;
						TestTargetID = A240DD3524BA90D200EDDAE3;
					};
				};
			};
			buildConfigurationList = A240DD3124BA90D200EDDAE3 /* Build configuration list for PBXProject "Slots" */;
			compatibilityVersion = "Xcode 9.3";
			developmentRegion = en;
			hasScannedForEncodings = 0;
			knownRegions = (
				en,
				Base,
			);
			mainGroup = A240DD2D24BA90D200EDDAE3;
			productRefGroup = A240DD3724BA90D200EDDAE3 /* Products */;
			projectDirPath = "";
			projectRoot = "";
			targets = (
				A240DD3524BA90D200EDDAE3 /* Slots */,
				A240DD4B24BA90D500EDDAE3 /* SlotsTests */,
				A240DD5624BA90D500EDDAE3 /* SlotsUITests */,
			);
		};
/* End PBXProject section */

/* Begin PBXResourcesBuildPhase section */
		A240DD3424BA90D200EDDAE3 /* Resources */ = {
			isa = PBXResourcesBuildPhase;
			buildActionMask = 2147483647;
			files = (
				A240DD4624BA90D500EDDAE3 /* LaunchScreen.storyboard in Resources */,
				A240DD6E24BBD9EE00EDDAE3 /* SlotsMania.mov in Resources */,
				A240DD6A24BAA18600EDDAE3 /* Assets.xcassets in Resources */,
				A240DD4324BA90D500EDDAE3 /* Preview Assets.xcassets in Resources */,
				A240DD7024BBDA0C00EDDAE3 /* SlotsMania.mov in Resources */,
			);
			runOnlyForDeploymentPostprocessing = 0;
		};
		A240DD4A24BA90D500EDDAE3 /* Resources */ = {
			isa = PBXResourcesBuildPhase;
			buildActionMask = 2147483647;
			files = (
			);
			runOnlyForDeploymentPostprocessing = 0;
		};
		A240DD5524BA90D500EDDAE3 /* Resources */ = {
			isa = PBXResourcesBuildPhase;
			buildActionMask = 2147483647;
			files = (
			);
			runOnlyForDeploymentPostprocessing = 0;
		};
/* End PBXResourcesBuildPhase section */

/* Begin PBXSourcesBuildPhase section */
		A240DD3224BA90D200EDDAE3 /* Sources */ = {
			isa = PBXSourcesBuildPhase;
			buildActionMask = 2147483647;
			files = (
				A240DD3A24BA90D200EDDAE3 /* AppDelegate.swift in Sources */,
				A240DD3C24BA90D200EDDAE3 /* SceneDelegate.swift in Sources */,
				A240DD6C24BB9D4B00EDDAE3 /* CardView.swift in Sources */,
				A240DD3E24BA90D200EDDAE3 /* ContentView.swift in Sources */,
			);
			runOnlyForDeploymentPostprocessing = 0;
		};
		A240DD4824BA90D500EDDAE3 /* Sources */ = {
			isa = PBXSourcesBuildPhase;
			buildActionMask = 2147483647;
			files = (
				A240DD5124BA90D500EDDAE3 /* SlotsTests.swift in Sources */,
			);
			runOnlyForDeploymentPostprocessing = 0;
		};
		A240DD5324BA90D500EDDAE3 /* Sources */ = {
			isa = PBXSourcesBuildPhase;
			buildActionMask = 2147483647;
			files = (
				A240DD5C24BA90D500EDDAE3 /* SlotsUITests.swift in Sources */,
			);
			runOnlyForDeploymentPostprocessing = 0;
		};
/* End PBXSourcesBuildPhase section */

/* Begin PBXTargetDependency section */
		A240DD4E24BA90D500EDDAE3 /* PBXTargetDependency */ = {
			isa = PBXTargetDependency;
			target = A240DD3524BA90D200EDDAE3 /* Slots */;
			targetProxy = A240DD4D24BA90D500EDDAE3 /* PBXContainerItemProxy */;
		};
		A240DD5924BA90D500EDDAE3 /* PBXTargetDependency */ = {
			isa = PBXTargetDependency;
			target = A240DD3524BA90D200EDDAE3 /* Slots */;
			targetProxy = A240DD5824BA90D500EDDAE3 /* PBXContainerItemProxy */;
		};
/* End PBXTargetDependency section */

/* Begin PBXVariantGroup section */
		A240DD4424BA90D500EDDAE3 /* LaunchScreen.storyboard */ = {
			isa = PBXVariantGroup;
			children = (
				A240DD4524BA90D500EDDAE3 /* Base */,
			);
			name = LaunchScreen.storyboard;
			sourceTree = "<group>";
		};
/* End PBXVariantGroup section */

/* Begin XCBuildConfiguration section */
		A240DD5E24BA90D500EDDAE3 /* Debug */ = {
			isa = XCBuildConfiguration;
			buildSettings = {
				ALWAYS_SEARCH_USER_PATHS = NO;
				CLANG_ANALYZER_NONNULL = YES;
				CLANG_ANALYZER_NUMBER_OBJECT_CONVERSION = YES_AGGRESSIVE;
				CLANG_CXX_LANGUAGE_STANDARD = "gnu++14";
				CLANG_CXX_LIBRARY = "libc++";
				CLANG_ENABLE_MODULES = YES;
				CLANG_ENABLE_OBJC_ARC = YES;
				CLANG_ENABLE_OBJC_WEAK = YES;
				CLANG_WARN_BLOCK_CAPTURE_AUTORELEASING = YES;
				CLANG_WARN_BOOL_CONVERSION = YES;
				CLANG_WARN_COMMA = YES;
				CLANG_WARN_CONSTANT_CONVERSION = YES;
				CLANG_WARN_DEPRECATED_OBJC_IMPLEMENTATIONS = YES;
				CLANG_WARN_DIRECT_OBJC_ISA_USAGE = YES_ERROR;
				CLANG_WARN_DOCUMENTATION_COMMENTS = YES;
				CLANG_WARN_EMPTY_BODY = YES;
				CLANG_WARN_ENUM_CONVERSION = YES;
				CLANG_WARN_INFINITE_RECURSION = YES;
				CLANG_WARN_INT_CONVERSION = YES;
				CLANG_WARN_NON_LITERAL_NULL_CONVERSION = YES;
				CLANG_WARN_OBJC_IMPLICIT_RETAIN_SELF = YES;
				CLANG_WARN_OBJC_LITERAL_CONVERSION = YES;
				CLANG_WARN_OBJC_ROOT_CLASS = YES_ERROR;
				CLANG_WARN_RANGE_LOOP_ANALYSIS = YES;
				CLANG_WARN_STRICT_PROTOTYPES = YES;
				CLANG_WARN_SUSPICIOUS_MOVE = YES;
				CLANG_WARN_UNGUARDED_AVAILABILITY = YES_AGGRESSIVE;
				CLANG_WARN_UNREACHABLE_CODE = YES;
				CLANG_WARN__DUPLICATE_METHOD_MATCH = YES;
				COPY_PHASE_STRIP = NO;
				DEBUG_INFORMATION_FORMAT = dwarf;
				ENABLE_STRICT_OBJC_MSGSEND = YES;
				ENABLE_TESTABILITY = YES;
				GCC_C_LANGUAGE_STANDARD = gnu11;
				GCC_DYNAMIC_NO_PIC = NO;
				GCC_NO_COMMON_BLOCKS = YES;
				GCC_OPTIMIZATION_LEVEL = 0;
				GCC_PREPROCESSOR_DEFINITIONS = (
					"DEBUG=1",
					"$(inherited)",
				);
				GCC_WARN_64_TO_32_BIT_CONVERSION = YES;
				GCC_WARN_ABOUT_RETURN_TYPE = YES_ERROR;
				GCC_WARN_UNDECLARED_SELECTOR = YES;
				GCC_WARN_UNINITIALIZED_AUTOS = YES_AGGRESSIVE;
				GCC_WARN_UNUSED_FUNCTION = YES;
				GCC_WARN_UNUSED_VARIABLE = YES;
				IPHONEOS_DEPLOYMENT_TARGET = 13.5;
				MTL_ENABLE_DEBUG_INFO = INCLUDE_SOURCE;
				MTL_FAST_MATH = YES;
				ONLY_ACTIVE_ARCH = YES;
				SDKROOT = iphoneos;
				SWIFT_ACTIVE_COMPILATION_CONDITIONS = DEBUG;
				SWIFT_OPTIMIZATION_LEVEL = "-Onone";
			};
			name = Debug;
		};
		A240DD5F24BA90D500EDDAE3 /* Release */ = {
			isa = XCBuildConfiguration;
			buildSettings = {
				ALWAYS_SEARCH_USER_PATHS = NO;
				CLANG_ANALYZER_NONNULL = YES;
				CLANG_ANALYZER_NUMBER_OBJECT_CONVERSION = YES_AGGRESSIVE;
				CLANG_CXX_LANGUAGE_STANDARD = "gnu++14";
				CLANG_CXX_LIBRARY = "libc++";
				CLANG_ENABLE_MODULES = YES;
				CLANG_ENABLE_OBJC_ARC = YES;
				CLANG_ENABLE_OBJC_WEAK = YES;
				CLANG_WARN_BLOCK_CAPTURE_AUTORELEASING = YES;
				CLANG_WARN_BOOL_CONVERSION = YES;
				CLANG_WARN_COMMA = YES;
				CLANG_WARN_CONSTANT_CONVERSION = YES;
				CLANG_WARN_DEPRECATED_OBJC_IMPLEMENTATIONS = YES;
				CLANG_WARN_DIRECT_OBJC_ISA_USAGE = YES_ERROR;
				CLANG_WARN_DOCUMENTATION_COMMENTS = YES;
				CLANG_WARN_EMPTY_BODY = YES;
				CLANG_WARN_ENUM_CONVERSION = YES;
				CLANG_WARN_INFINITE_RECURSION = YES;
				CLANG_WARN_INT_CONVERSION = YES;
				CLANG_WARN_NON_LITERAL_NULL_CONVERSION = YES;
				CLANG_WARN_OBJC_IMPLICIT_RETAIN_SELF = YES;
				CLANG_WARN_OBJC_LITERAL_CONVERSION = YES;
				CLANG_WARN_OBJC_ROOT_CLASS = YES_ERROR;
				CLANG_WARN_RANGE_LOOP_ANALYSIS = YES;
				CLANG_WARN_STRICT_PROTOTYPES = YES;
				CLANG_WARN_SUSPICIOUS_MOVE = YES;
				CLANG_WARN_UNGUARDED_AVAILABILITY = YES_AGGRESSIVE;
				CLANG_WARN_UNREACHABLE_CODE = YES;
				CLANG_WARN__DUPLICATE_METHOD_MATCH = YES;
				COPY_PHASE_STRIP = NO;
				DEBUG_INFORMATION_FORMAT = "dwarf-with-dsym";
				ENABLE_NS_ASSERTIONS = NO;
				ENABLE_STRICT_OBJC_MSGSEND = YES;
				GCC_C_LANGUAGE_STANDARD = gnu11;
				GCC_NO_COMMON_BLOCKS = YES;
				GCC_WARN_64_TO_32_BIT_CONVERSION = YES;
				GCC_WARN_ABOUT_RETURN_TYPE = YES_ERROR;
				GCC_WARN_UNDECLARED_SELECTOR = YES;
				GCC_WARN_UNINITIALIZED_AUTOS = YES_AGGRESSIVE;
				GCC_WARN_UNUSED_FUNCTION = YES;
				GCC_WARN_UNUSED_VARIABLE = YES;
				IPHONEOS_DEPLOYMENT_TARGET = 13.5;
				MTL_ENABLE_DEBUG_INFO = NO;
				MTL_FAST_MATH = YES;
				SDKROOT = iphoneos;
				SWIFT_COMPILATION_MODE = wholemodule;
				SWIFT_OPTIMIZATION_LEVEL = "-O";
				VALIDATE_PRODUCT = YES;
			};
			name = Release;
		};
		A240DD6124BA90D500EDDAE3 /* Debug */ = {
			isa = XCBuildConfiguration;
			buildSettings = {
				ASSETCATALOG_COMPILER_APPICON_NAME = AppIcon;
				CODE_SIGN_STYLE = Automatic;
				DEVELOPMENT_ASSET_PATHS = "\"Slots/Preview Content\"";
				DEVELOPMENT_TEAM = 8NH7M23AT4;
				ENABLE_PREVIEWS = YES;
				INFOPLIST_FILE = Slots/Info.plist;
				LD_RUNPATH_SEARCH_PATHS = (
					"$(inherited)",
					"@executable_path/Frameworks",
				);
				PRODUCT_BUNDLE_IDENTIFIER = "com.jay-arbrouillard.Slots";
				PRODUCT_NAME = "$(TARGET_NAME)";
				SWIFT_VERSION = 5.0;
				TARGETED_DEVICE_FAMILY = "1,2";
			};
			name = Debug;
		};
		A240DD6224BA90D500EDDAE3 /* Release */ = {
			isa = XCBuildConfiguration;
			buildSettings = {
				ASSETCATALOG_COMPILER_APPICON_NAME = AppIcon;
				CODE_SIGN_STYLE = Automatic;
				DEVELOPMENT_ASSET_PATHS = "\"Slots/Preview Content\"";
				DEVELOPMENT_TEAM = 8NH7M23AT4;
				ENABLE_PREVIEWS = YES;
				INFOPLIST_FILE = Slots/Info.plist;
				LD_RUNPATH_SEARCH_PATHS = (
					"$(inherited)",
					"@executable_path/Frameworks",
				);
				PRODUCT_BUNDLE_IDENTIFIER = "com.jay-arbrouillard.Slots";
				PRODUCT_NAME = "$(TARGET_NAME)";
				SWIFT_VERSION = 5.0;
				TARGETED_DEVICE_FAMILY = "1,2";
			};
			name = Release;
		};
		A240DD6424BA90D500EDDAE3 /* Debug */ = {
			isa = XCBuildConfiguration;
			buildSettings = {
				ALWAYS_EMBED_SWIFT_STANDARD_LIBRARIES = YES;
				BUNDLE_LOADER = "$(TEST_HOST)";
				CODE_SIGN_STYLE = Automatic;
				DEVELOPMENT_TEAM = 8NH7M23AT4;
				INFOPLIST_FILE = SlotsTests/Info.plist;
				IPHONEOS_DEPLOYMENT_TARGET = 13.5;
				LD_RUNPATH_SEARCH_PATHS = (
					"$(inherited)",
					"@executable_path/Frameworks",
					"@loader_path/Frameworks",
				);
				PRODUCT_BUNDLE_IDENTIFIER = "com.jay-arbrouillard.SlotsTests";
				PRODUCT_NAME = "$(TARGET_NAME)";
				SWIFT_VERSION = 5.0;
				TARGETED_DEVICE_FAMILY = "1,2";
				TEST_HOST = "$(BUILT_PRODUCTS_DIR)/Slots.app/Slots";
			};
			name = Debug;
		};
		A240DD6524BA90D500EDDAE3 /* Release */ = {
			isa = XCBuildConfiguration;
			buildSettings = {
				ALWAYS_EMBED_SWIFT_STANDARD_LIBRARIES = YES;
				BUNDLE_LOADER = "$(TEST_HOST)";
				CODE_SIGN_STYLE = Automatic;
				DEVELOPMENT_TEAM = 8NH7M23AT4;
				INFOPLIST_FILE = SlotsTests/Info.plist;
				IPHONEOS_DEPLOYMENT_TARGET = 13.5;
				LD_RUNPATH_SEARCH_PATHS = (
					"$(inherited)",
					"@executable_path/Frameworks",
					"@loader_path/Frameworks",
				);
				PRODUCT_BUNDLE_IDENTIFIER = "com.jay-arbrouillard.SlotsTests";
				PRODUCT_NAME = "$(TARGET_NAME)";
				SWIFT_VERSION = 5.0;
				TARGETED_DEVICE_FAMILY = "1,2";
				TEST_HOST = "$(BUILT_PRODUCTS_DIR)/Slots.app/Slots";
			};
			name = Release;
		};
		A240DD6724BA90D500EDDAE3 /* Debug */ = {
			isa = XCBuildConfiguration;
			buildSettings = {
				ALWAYS_EMBED_SWIFT_STANDARD_LIBRARIES = YES;
				CODE_SIGN_STYLE = Automatic;
				DEVELOPMENT_TEAM = 8NH7M23AT4;
				INFOPLIST_FILE = SlotsUITests/Info.plist;
				LD_RUNPATH_SEARCH_PATHS = (
					"$(inherited)",
					"@executable_path/Frameworks",
					"@loader_path/Frameworks",
				);
				PRODUCT_BUNDLE_IDENTIFIER = "com.jay-arbrouillard.SlotsUITests";
				PRODUCT_NAME = "$(TARGET_NAME)";
				SWIFT_VERSION = 5.0;
				TARGETED_DEVICE_FAMILY = "1,2";
				TEST_TARGET_NAME = Slots;
			};
			name = Debug;
		};
		A240DD6824BA90D500EDDAE3 /* Release */ = {
			isa = XCBuildConfiguration;
			buildSettings = {
				ALWAYS_EMBED_SWIFT_STANDARD_LIBRARIES = YES;
				CODE_SIGN_STYLE = Automatic;
				DEVELOPMENT_TEAM = 8NH7M23AT4;
				INFOPLIST_FILE = SlotsUITests/Info.plist;
				LD_RUNPATH_SEARCH_PATHS = (
					"$(inherited)",
					"@executable_path/Frameworks",
					"@loader_path/Frameworks",
				);
				PRODUCT_BUNDLE_IDENTIFIER = "com.jay-arbrouillard.SlotsUITests";
				PRODUCT_NAME = "$(TARGET_NAME)";
				SWIFT_VERSION = 5.0;
				TARGETED_DEVICE_FAMILY = "1,2";
				TEST_TARGET_NAME = Slots;
			};
			name = Release;
		};
/* End XCBuildConfiguration section */

/* Begin XCConfigurationList section */
		A240DD3124BA90D200EDDAE3 /* Build configuration list for PBXProject "Slots" */ = {
			isa = XCConfigurationList;
			buildConfigurations = (
				A240DD5E24BA90D500EDDAE3 /* Debug */,
				A240DD5F24BA90D500EDDAE3 /* Release */,
			);
			defaultConfigurationIsVisible = 0;
			defaultConfigurationName = Release;
		};
		A240DD6024BA90D500EDDAE3 /* Build configuration list for PBXNativeTarget "Slots" */ = {
			isa = XCConfigurationList;
			buildConfigurations = (
				A240DD6124BA90D500EDDAE3 /* Debug */,
				A240DD6224BA90D500EDDAE3 /* Release */,
			);
			defaultConfigurationIsVisible = 0;
			defaultConfigurationName = Release;
		};
		A240DD6324BA90D500EDDAE3 /* Build configuration list for PBXNativeTarget "SlotsTests" */ = {
			isa = XCConfigurationList;
			buildConfigurations = (
				A240DD6424BA90D500EDDAE3 /* Debug */,
				A240DD6524BA90D500EDDAE3 /* Release */,
			);
			defaultConfigurationIsVisible = 0;
			defaultConfigurationName = Release;
		};
		A240DD6624BA90D500EDDAE3 /* Build configuration list for PBXNativeTarget "SlotsUITests" */ = {
			isa = XCConfigurationList;
			buildConfigurations = (
				A240DD6724BA90D500EDDAE3 /* Debug */,
				A240DD6824BA90D500EDDAE3 /* Release */,
			);
			defaultConfigurationIsVisible = 0;
			defaultConfigurationName = Release;
		};
/* End XCConfigurationList section */
	};
	rootObject = A240DD2E24BA90D200EDDAE3 /* Project object */;
}
